// !$*UTF8*$!
{
	archiveVersion = 1;
	classes = {
	};
	objectVersion = 46;
	objects = {

/* Begin PBXBuildFile section */
		4316FDF71D79E7C10041A766 /* AppDelegate.swift in Sources */ = {isa = PBXBuildFile; fileRef = 4316FDF61D79E7C10041A766 /* AppDelegate.swift */; };
		4316FDF91D79E7C10041A766 /* TableViewController.swift in Sources */ = {isa = PBXBuildFile; fileRef = 4316FDF81D79E7C10041A766 /* TableViewController.swift */; };
		4316FDFE1D79E7C10041A766 /* Assets.xcassets in Resources */ = {isa = PBXBuildFile; fileRef = 4316FDFD1D79E7C10041A766 /* Assets.xcassets */; };
		4316FE011D79E7C10041A766 /* LaunchScreen.storyboard in Resources */ = {isa = PBXBuildFile; fileRef = 4316FDFF1D79E7C10041A766 /* LaunchScreen.storyboard */; };
		4316FE0B1D79EDA00041A766 /* ViewController.swift in Sources */ = {isa = PBXBuildFile; fileRef = 4316FE0A1D79EDA00041A766 /* ViewController.swift */; };
		4316FE131D79EFC50041A766 /* Main.storyboard in Resources */ = {isa = PBXBuildFile; fileRef = 4316FE121D79EFC50041A766 /* Main.storyboard */; };
/* End PBXBuildFile section */

/* Begin PBXFileReference section */
		4316FDF31D79E7C10041A766 /* HellaCellss.app */ = {isa = PBXFileReference; explicitFileType = wrapper.application; includeInIndex = 0; path = HellaCellss.app; sourceTree = BUILT_PRODUCTS_DIR; };
		4316FDF61D79E7C10041A766 /* AppDelegate.swift */ = {isa = PBXFileReference; lastKnownFileType = sourcecode.swift; path = AppDelegate.swift; sourceTree = "<group>"; };
		4316FDF81D79E7C10041A766 /* TableViewController.swift */ = {isa = PBXFileReference; lastKnownFileType = sourcecode.swift; path = TableViewController.swift; sourceTree = "<group>"; };
		4316FDFD1D79E7C10041A766 /* Assets.xcassets */ = {isa = PBXFileReference; lastKnownFileType = folder.assetcatalog; path = Assets.xcassets; sourceTree = "<group>"; };
		4316FE001D79E7C10041A766 /* Base */ = {isa = PBXFileReference; lastKnownFileType = file.storyboard; name = Base; path = Base.lproj/LaunchScreen.storyboard; sourceTree = "<group>"; };
		4316FE021D79E7C10041A766 /* Info.plist */ = {isa = PBXFileReference; lastKnownFileType = text.plist.xml; path = Info.plist; sourceTree = "<group>"; };
		4316FE0A1D79EDA00041A766 /* ViewController.swift */ = {isa = PBXFileReference; fileEncoding = 4; lastKnownFileType = sourcecode.swift; path = ViewController.swift; sourceTree = "<group>"; };
		4316FE121D79EFC50041A766 /* Main.storyboard */ = {isa = PBXFileReference; fileEncoding = 4; lastKnownFileType = file.storyboard; path = Main.storyboard; sourceTree = "<group>"; };
/* End PBXFileReference section */

/* Begin PBXFrameworksBuildPhase section */
		4316FDF01D79E7C10041A766 /* Frameworks */ = {
			isa = PBXFrameworksBuildPhase;
			buildActionMask = 2147483647;
			files = (
			);
			runOnlyForDeploymentPostprocessing = 0;
		};
/* End PBXFrameworksBuildPhase section */

/* Begin PBXGroup section */
		4316FDEA1D79E7C10041A766 = {
			isa = PBXGroup;
			children = (
				4316FDF51D79E7C10041A766 /* HellaCellss */,
				4316FDF41D79E7C10041A766 /* Products */,
			);
			sourceTree = "<group>";
		};
		4316FDF41D79E7C10041A766 /* Products */ = {
			isa = PBXGroup;
			children = (
				4316FDF31D79E7C10041A766 /* HellaCellss.app */,
			);
			name = Products;
			sourceTree = "<group>";
		};
		4316FDF51D79E7C10041A766 /* HellaCellss */ = {
			isa = PBXGroup;
			children = (
				4316FDF61D79E7C10041A766 /* AppDelegate.swift */,
				4316FDF81D79E7C10041A766 /* TableViewController.swift */,
				4316FE121D79EFC50041A766 /* Main.storyboard */,
				4316FE0A1D79EDA00041A766 /* ViewController.swift */,
				4316FDFD1D79E7C10041A766 /* Assets.xcassets */,
				4316FDFF1D79E7C10041A766 /* LaunchScreen.storyboard */,
				4316FE021D79E7C10041A766 /* Info.plist */,
			);
			path = HellaCellss;
			sourceTree = "<group>";
		};
/* End PBXGroup section */

/* Begin PBXNativeTarget section */
		4316FDF21D79E7C10041A766 /* HellaCellss */ = {
			isa = PBXNativeTarget;
			buildConfigurationList = 4316FE051D79E7C10041A766 /* Build configuration list for PBXNativeTarget "HellaCellss" */;
			buildPhases = (
				4316FDEF1D79E7C10041A766 /* Sources */,
				4316FDF01D79E7C10041A766 /* Frameworks */,
				4316FDF11D79E7C10041A766 /* Resources */,
			);
			buildRules = (
			);
			dependencies = (
			);
			name = HellaCellss;
			productName = HellaCellss;
			productReference = 4316FDF31D79E7C10041A766 /* HellaCellss.app */;
			productType = "com.apple.product-type.application";
		};
/* End PBXNativeTarget section */

/* Begin PBXProject section */
		4316FDEB1D79E7C10041A766 /* Project object */ = {
			isa = PBXProject;
			attributes = {
				LastSwiftUpdateCheck = 0730;
				LastUpgradeCheck = 0730;
				ORGANIZATIONNAME = "Rebecca Bartels";
				TargetAttributes = {
					4316FDF21D79E7C10041A766 = {
						CreatedOnToolsVersion = 7.3.1;
					};
				};
			};
			buildConfigurationList = 4316FDEE1D79E7C10041A766 /* Build configuration list for PBXProject "HellaCellss" */;
			compatibilityVersion = "Xcode 3.2";
			developmentRegion = English;
			hasScannedForEncodings = 0;
			knownRegions = (
				en,
				Base,
			);
			mainGroup = 4316FDEA1D79E7C10041A766;
			productRefGroup = 4316FDF41D79E7C10041A766 /* Products */;
			projectDirPath = "";
			projectRoot = "";
			targets = (
				4316FDF21D79E7C10041A766 /* HellaCellss */,
			);
		};
/* End PBXProject section */

/* Begin PBXResourcesBuildPhase section */
		4316FDF11D79E7C10041A766 /* Resources */ = {
			isa = PBXResourcesBuildPhase;
			buildActionMask = 2147483647;
			files = (
				4316FE131D79EFC50041A766 /* Main.storyboard in Resources */,
				4316FE011D79E7C10041A766 /* LaunchScreen.storyboard in Resources */,
				4316FDFE1D79E7C10041A766 /* Assets.xcassets in Resources */,
			);
			runOnlyForDeploymentPostprocessing = 0;
		};
/* End PBXResourcesBuildPhase section */

/* Begin PBXSourcesBuildPhase section */
		4316FDEF1D79E7C10041A766 /* Sources */ = {
			isa = PBXSourcesBuildPhase;
			buildActionMask = 2147483647;
			files = (
				4316FDF91D79E7C10041A766 /* TableViewController.swift in Sources */,
				4316FE0B1D79EDA00041A766 /* ViewController.swift in Sources */,
				4316FDF71D79E7C10041A766 /* AppDelegate.swift in Sources */,
			);
			runOnlyForDeploymentPostprocessing = 0;
		};
/* End PBXSourcesBuildPhase section */

/* Begin PBXVariantGroup section */
		4316FDFF1D79E7C10041A766 /* LaunchScreen.storyboard */ = {
			isa = PBXVariantGroup;
			children = (
				4316FE001D79E7C10041A766 /* Base */,
			);
			name = LaunchScreen.storyboard;
			sourceTree = "<group>";
		};
/* End PBXVariantGroup section */

/* Begin XCBuildConfiguration section */
		4316FE031D79E7C10041A766 /* Debug */ = {
			isa = XCBuildConfiguration;
			buildSettings = {
				ALWAYS_SEARCH_USER_PATHS = NO;
				CLANG_ANALYZER_NONNULL = YES;
				CLANG_CXX_LANGUAGE_STANDARD = "gnu++0x";
				CLANG_CXX_LIBRARY = "libc++";
				CLANG_ENABLE_MODULES = YES;
				CLANG_ENABLE_OBJC_ARC = YES;
				CLANG_WARN_BOOL_CONVERSION = YES;
				CLANG_WARN_CONSTANT_CONVERSION = YES;
				CLANG_WARN_DIRECT_OBJC_ISA_USAGE = YES_ERROR;
				CLANG_WARN_EMPTY_BODY = YES;
				CLANG_WARN_ENUM_CONVERSION = YES;
				CLANG_WARN_INT_CONVERSION = YES;
				CLANG_WARN_OBJC_ROOT_CLASS = YES_ERROR;
				CLANG_WARN_UNREACHABLE_CODE = YES;
				CLANG_WARN__DUPLICATE_METHOD_MATCH = YES;
				"CODE_SIGN_IDENTITY[sdk=iphoneos*]" = "iPhone Developer";
				COPY_PHASE_STRIP = NO;
				DEBUG_INFORMATION_FORMAT = dwarf;
				ENABLE_STRICT_OBJC_MSGSEND = YES;
				ENABLE_TESTABILITY = YES;
				GCC_C_LANGUAGE_STANDARD = gnu99;
				GCC_DYNAMIC_NO_PIC = NO;
				GCC_NO_COMMON_BLOCKS = YES;
				GCC_OPTIMIZATION_LEVEL = 0;
				GCC_PREPROCESSOR_DEFINITIONS = (
					"DEBUG=1",
					"$(inherited)",
				);
				GCC_WARN_64_TO_32_BIT_CONVERSION = YES;
				GCC_WARN_ABOUT_RETURN_TYPE = YES_ERROR;
				GCC_WARN_UNDECLARED_SELECTOR = YES;
				GCC_WARN_UNINITIALIZED_AUTOS = YES_AGGRESSIVE;
				GCC_WARN_UNUSED_FUNCTION = YES;
				GCC_WARN_UNUSED_VARIABLE = YES;
				IPHONEOS_DEPLOYMENT_TARGET = 9.3;
				MTL_ENABLE_DEBUG_INFO = YES;
				ONLY_ACTIVE_ARCH = YES;
				SDKROOT = iphoneos;
				SWIFT_OPTIMIZATION_LEVEL = "-Onone";
			};
			name = Debug;
		};
		4316FE041D79E7C10041A766 /* Release */ = {
			isa = XCBuildConfiguration;
			buildSettings = {
				ALWAYS_SEARCH_USER_PATHS = NO;
				CLANG_ANALYZER_NONNULL = YES;
				CLANG_CXX_LANGUAGE_STANDARD = "gnu++0x";
				CLANG_CXX_LIBRARY = "libc++";
				CLANG_ENABLE_MODULES = YES;
				CLANG_ENABLE_OBJC_ARC = YES;
				CLANG_WARN_BOOL_CONVERSION = YES;
				CLANG_WARN_CONSTANT_CONVERSION = YES;
				CLANG_WARN_DIRECT_OBJC_ISA_USAGE = YES_ERROR;
				CLANG_WARN_EMPTY_BODY = YES;
				CLANG_WARN_ENUM_CONVERSION = YES;
				CLANG_WARN_INT_CONVERSION = YES;
				CLANG_WARN_OBJC_ROOT_CLASS = YES_ERROR;
				CLANG_WARN_UNREACHABLE_CODE = YES;
				CLANG_WARN__DUPLICATE_METHOD_MATCH = YES;
				"CODE_SIGN_IDENTITY[sdk=iphoneos*]" = "iPhone Developer";
				COPY_PHASE_STRIP = NO;
				DEBUG_INFORMATION_FORMAT = "dwarf-with-dsym";
				ENABLE_NS_ASSERTIONS = NO;
				ENABLE_STRICT_OBJC_MSGSEND = YES;
				GCC_C_LANGUAGE_STANDARD = gnu99;
				GCC_NO_COMMON_BLOCKS = YES;
				GCC_WARN_64_TO_32_BIT_CONVERSION = YES;
				GCC_WARN_ABOUT_RETURN_TYPE = YES_ERROR;
				GCC_WARN_UNDECLARED_SELECTOR = YES;
				GCC_WARN_UNINITIALIZED_AUTOS = YES_AGGRESSIVE;
				GCC_WARN_UNUSED_FUNCTION = YES;
				GCC_WARN_UNUSED_VARIABLE = YES;
				IPHONEOS_DEPLOYMENT_TARGET = 9.3;
				MTL_ENABLE_DEBUG_INFO = NO;
				SDKROOT = iphoneos;
				VALIDATE_PRODUCT = YES;
			};
			name = Release;
		};
		4316FE061D79E7C10041A766 /* Debug */ = {
			isa = XCBuildConfiguration;
			buildSettings = {
				ASSETCATALOG_COMPILER_APPICON_NAME = AppIcon;
				INFOPLIST_FILE = HellaCellss/Info.plist;
				LD_RUNPATH_SEARCH_PATHS = "$(inherited) @executable_path/Frameworks";
				PRODUCT_BUNDLE_IDENTIFIER = rebeccaKFBartels.HellaCellss;
				PRODUCT_NAME = "$(TARGET_NAME)";
			};
			name = Debug;
		};
		4316FE071D79E7C10041A766 /* Release */ = {
			isa = XCBuildConfiguration;
			buildSettings = {
				ASSETCATALOG_COMPILER_APPICON_NAME = AppIcon;
				INFOPLIST_FILE = HellaCellss/Info.plist;
				LD_RUNPATH_SEARCH_PATHS = "$(inherited) @executable_path/Frameworks";
				PRODUCT_BUNDLE_IDENTIFIER = rebeccaKFBartels.HellaCellss;
				PRODUCT_NAME = "$(TARGET_NAME)";
			};
			name = Release;
		};
/* End XCBuildConfiguration section */

/* Begin XCConfigurationList section */
		4316FDEE1D79E7C10041A766 /* Build configuration list for PBXProject "HellaCellss" */ = {
			isa = XCConfigurationList;
			buildConfigurations = (
				4316FE031D79E7C10041A766 /* Debug */,
				4316FE041D79E7C10041A766 /* Release */,
			);
			defaultConfigurationIsVisible = 0;
			defaultConfigurationName = Release;
		};
		4316FE051D79E7C10041A766 /* Build configuration list for PBXNativeTarget "HellaCellss" */ = {
			isa = XCConfigurationList;
			buildConfigurations = (
				4316FE061D79E7C10041A766 /* Debug */,
				4316FE071D79E7C10041A766 /* Release */,
			);
			defaultConfigurationIsVisible = 0;
		};
/* End XCConfigurationList section */
	};
	rootObject = 4316FDEB1D79E7C10041A766 /* Project object */;
}
